github.com/aws/aws-sdk-go v1.35.14 h1:nucVVXXjAr9UkmYCBWxQWRuYa5KOlaXjuJGg2ulW0K0=
github.com/aws/aws-sdk-go v1.35.14/go.mod h1:tlPOdRjfxPBpNIwqDj61rmsnA85v9jc0Ps9+muhnW+k=
github.com/aws/aws-sdk-go-v2 v1.9.2 h1:dUFQcMNZMLON4BOe273pl0filK9RqyQMhCK/6xssL6s=
github.com/aws/aws-sdk-go-v2 v1.9.2/go.mod h1:cK/D0BBs0b/oWPIcX/Z/obahJK1TT7IPVjy53i/mX/4=
github.com/aws/aws-sdk-go-v2/config v1.8.3 h1:o5583X4qUfuRrOGOgmOcDgvr5gJVSu57NK08cWAhIDk=
github.com/aws/aws-sdk-go-v2/config v1.8.3/go.mod h1:4AEiLtAb8kLs7vgw2ZV3p2VZ1+hBavOc84hqxVNpCyw=
github.com/aws/aws-sdk-go-v2/credentials v1.4.3 h1:LTdD5QhK073MpElh9umLLP97wxphkgVC/OjQaEbBwZA=
github.com/aws/aws-sdk-go-v2/credentials v1.4.3/go.mod h1:FNNC6nQZQUuyhq5aE5c7ata8o9e4ECGmS4lAXC7o1mQ=
github.com/aws/aws-sdk-go-v2/feature/ec2/imds v1.6.0 h1:9tfxW/icbSu98C2pcNynm5jmDwU3/741F11688B6QnU=
github.com/aws/aws-sdk-go-v2/feature/ec2/imds v1.6.0/go.mod h1:gqlclDEZp4aqJOancXK6TN24aKhT0W0Ae9MHk3wzTMM=
github.com/aws/aws-sdk-go-v2/feature/s3/manager v1.5.4 h1:TnU1cY51027j/MQeFy7DIgk1UuzJY+wLFYqXceY/fiE=
github.com/aws/aws-sdk-go-v2/feature/s3/manager v1.5.4/go.mod h1:Ex7XQmbFmgFHrjUX6TN3mApKW5Hglyga+F7wZHTtYhA=
github.com/aws/aws-sdk-go-v2/internal/ini v1.2.4 h1:leSJ6vCqtPpTmBIgE7044B1wql1E4n//McF+mEgNrYg=
github.com/aws/aws-sdk-go-v2/internal/ini v1.2.4/go.mod h1:ZcBrrI3zBKlhGFNYWvju0I3TR93I7YIgAfy82Fh4lcQ=
github.com/aws/aws-sdk-go-v2/service/internal/accept-encoding v1.3.0 h1:gceOysEWNNwLd6cki65IMBZ4WAM0MwgBQq2n7kejoT8=
github.com/aws/aws-sdk-go-v2/service/internal/accept-encoding v1.3.0/go.mod h1:v8ygadNyATSm6elwJ/4gzJwcFhri9RqS8skgHKiwXPU=
github.com/aws/aws-sdk-go-v2/service/internal/presigned-url v1.3.2 h1:r7jel2aa4d9Duys7wEmWqDd5ebpC9w6Kxu6wIjjp18E=
github.com/aws/aws-sdk-go-v2/service/internal/presigned-url v1.3.2/go.mod h1:72HRZDLMtmVQiLG2tLfQcaWLCssELvGl+Zf2WVxMmR8=
github.com/aws/aws-sdk-go-v2/service/internal/s3shared v1.7.2 h1:RnZjLgtCGLsF2xYYksy0yrx6xPvKG9BYv29VfK4p/J8=
github.com/aws/aws-sdk-go-v2/service/internal/s3shared v1.7.2/go.mod h1:np7TMuJNT83O0oDOSF8i4dF3dvGqA6hPYYo6YYkzgRA=
github.com/aws/aws-sdk-go-v2/service/s3 v1.16.1 h1:z+P3r4LrwdudLKBoEVWxIORrk4sVg4/iqpG3+CS53AY=
github.com/aws/aws-sdk-go-v2/service/s3 v1.16.1/go.mod h1:CQe/KvWV1AqRc65KqeJjrLzr5X2ijnFTTVzJW0VBRCI=
github.com/aws/aws-sdk-go-v2/service/sso v1.4.2 h1:pZwkxZbspdqRGzddDB92bkZBoB7lg85sMRE7OqdB3V0=
github.com/aws/aws-sdk-go-v2/service/sso v1.4.2/go.mod h1:NBvT9R1MEF+Ud6ApJKM0G+IkPchKS7p7c2YPKwHmBOk=
github.com/aws/aws-sdk-go-v2/service/sts v1.7.2 h1:ol2Y5DWqnJeKqNd8th7JWzBtqu63xpOfs1Is+n1t8/4=
github.com/aws/aws-sdk-go-v2/service/sts v1.7.2/go.mod h1:8EzeIqfWt2wWT4rJVu3f21TfrhJ8AEMzVybRNSb/b4g=
github.com/aws/smithy-go v1.8.0 h1:AEwwwXQZtUwP5Mz506FeXXrKBe0jA8gVM+1gEcSRooc=
github.com/aws/smithy-go v1.8.0/go.mod h1:SObp3lf9smib00L/v3U2eAKG8FyQ7iLrJnQiAmR5n+E=
github.com/buildkite/elastic-ci-stack-s3-secrets-hooks v1.3.0 h1:CRdPqLjYECJY0cgs24E4ZwUJ2qlmcavN7W1jo+5ujnQ=
github.com/davecgh/go-spew v1.1.0/go.mod h1:J7Y8YcW2NihsgmVo/mv3lAwl/skON4iLHjSsI+c5H38=
github.com/google/go-cmp v0.5.4/go.mod h1:v8dTdLbMG2kIc/vJvl+f65V22dbkXbowE6jgT/gNBxE=
github.com/google/go-cmp v0.5.6/go.mod h1:v8dTdLbMG2kIc/vJvl+f65V22dbkXbowE6jgT/gNBxE=
github.com/jmespath/go-jmespath v0.4.0 h1:BEgLn5cpjn8UN1mAw4NjwDrS35OdebyEtFe+9YPoQUg=
github.com/jmespath/go-jmespath v0.4.0/go.mod h1:T8mJZnbsbmF+m6zOOFylbeCJqk5+pHWvzYPziyZiYoo=
github.com/jmespath/go-jmespath/internal/testify v1.5.1/go.mod h1:L3OGu8Wl2/fWfCI6z80xFu9LTZmf1ZRjMHUOPmWr69U=
github.com/pkg/errors v0.9.1/go.mod h1:bwawxfHBFNV+L2hUp1rHADufV3IMtnDRdf1r5NINEl0=
github.com/pmezard/go-difflib v1.0.0/go.mod h1:iKH77koFhYxTK1pcRnkKkqfTogsbg7gZNVY4sRDYZ/4=
github.com/stretchr/objx v0.1.0/go.mod h1:HFkY916IF+rwdDfMAkV7OtwuqBVzrE8GR6GFx+wExME=
golang.org/x/crypto v0.0.0-20190308221718-c2843e01d9a2/go.mod h1:djNgcEr1/C05ACkg1iLfiJU5Ep61QUkGW8qpdssI0+w=
golang.org/x/net v0.0.0-20200202094626-16171245cfb2/go.mod h1:z5CRVTTTmAJ677TzLLGU+0bjPO0LkuOLi4/5GtJWs/s=
golang.org/x/sys v0.0.0-20190215142949-d0b11bdaac8a/go.mod h1:STP8DvDyc/dI5b8T5hshtkjS+E42TnysNCUPdjciGhY=
golang.org/x/text v0.3.0/go.mod h1:NqM8EUOU14njkJ3fqMW+pc6Ldnwhi/IjpwHt7yyuwOQ=
golang.org/x/xerrors v0.0.0-20191204190536-9bdfabe68543/go.mod h1:I/5z698sn9Ka8TeJc9MKroUUfqBBauWjQqLJ2OPfmY0=
gopkg.in/check.v1 v0.0.0-20161208181325-20d25e280405/go.mod h1:Co6ibVJAznAaIkqp8huTwlJQCZ016jof/cbN4VW5Yz0=
gopkg.in/yaml.v2 v2.2.8/go.mod h1:hI93XBmqTisBFMUTm0b8Fm+jr3Dg1NNxqwp+5A1VGuI=
